
Microsoft Visual Studio Solution File, Format Version 12.00
# Visual Studio Version 16
VisualStudioVersion = 16.0.31727.386
MinimumVisualStudioVersion = 10.0.40219.1
Project("{2150E333-8FDC-42A3-9474-1A3956D46DE8}") = "Solution Items", "Solution Items", "{557D7D23-1B89-40DE-A1FF-EEAF1F65A43A}"
	ProjectSection(SolutionItems) = preProject
		.editorconfig = .editorconfig
	EndProjectSection
EndProject
Project("{2150E333-8FDC-42A3-9474-1A3956D46DE8}") = "src", "src", "{3BA87A8D-C16C-46C7-924E-90EC085EEFF6}"
EndProject
Project("{9A19103F-16F7-4668-BE54-9A1E7A4F7556}") = "MoreNet.Cryptography", "src\MoreNet.Cryptography\MoreNet.Cryptography.csproj", "{3E7DDA03-9D7B-437A-9E47-B11C5A390385}"
EndProject
Project("{2150E333-8FDC-42A3-9474-1A3956D46DE8}") = "tests", "tests", "{D6C516D6-B29B-45B8-BDFA-23A267244259}"
EndProject
Project("{9A19103F-16F7-4668-BE54-9A1E7A4F7556}") = "MoreNet.Cryptography.IntegrationTests", "tests\MoreNet.Cryptography.IntegrationTests\MoreNet.Cryptography.IntegrationTests.csproj", "{B1423CE8-35CB-403D-87B0-967B08F9DD48}"
EndProject
Project("{9A19103F-16F7-4668-BE54-9A1E7A4F7556}") = "MoreNet.Cryptography.UnitTests", "tests\MoreNet.Cryptography.UnitTests\MoreNet.Cryptography.UnitTests.csproj", "{D5A28007-9B34-410E-9037-CA5485E77479}"
EndProject
Project("{2150E333-8FDC-42A3-9474-1A3956D46DE8}") = "tools", "tools", "{817B00C8-68D0-4014-8D61-C4DFADF38068}"
EndProject
Project("{FAE04EC0-301F-11D3-BF4B-00C04F79EFBC}") = "MoreNet.Cryptography.DocFx", "tools\MoreNet.Cryptography.DocFx\MoreNet.Cryptography.DocFx.csproj", "{F7CB54EE-1789-4F04-812A-86804811C938}"
EndProject
Global
	GlobalSection(SolutionConfigurationPlatforms) = preSolution
		Debug|Any CPU = Debug|Any CPU
		Release|Any CPU = Release|Any CPU
	EndGlobalSection
	GlobalSection(ProjectConfigurationPlatforms) = postSolution
		{3E7DDA03-9D7B-437A-9E47-B11C5A390385}.Debug|Any CPU.ActiveCfg = Debug|Any CPU
		{3E7DDA03-9D7B-437A-9E47-B11C5A390385}.Debug|Any CPU.Build.0 = Debug|Any CPU
		{3E7DDA03-9D7B-437A-9E47-B11C5A390385}.Release|Any CPU.ActiveCfg = Release|Any CPU
		{3E7DDA03-9D7B-437A-9E47-B11C5A390385}.Release|Any CPU.Build.0 = Release|Any CPU
		{B1423CE8-35CB-403D-87B0-967B08F9DD48}.Debug|Any CPU.ActiveCfg = Debug|Any CPU
		{B1423CE8-35CB-403D-87B0-967B08F9DD48}.Debug|Any CPU.Build.0 = Debug|Any CPU
		{B1423CE8-35CB-403D-87B0-967B08F9DD48}.Release|Any CPU.ActiveCfg = Release|Any CPU
		{B1423CE8-35CB-403D-87B0-967B08F9DD48}.Release|Any CPU.Build.0 = Release|Any CPU
		{D5A28007-9B34-410E-9037-CA5485E77479}.Debug|Any CPU.ActiveCfg = Debug|Any CPU
		{D5A28007-9B34-410E-9037-CA5485E77479}.Debug|Any CPU.Build.0 = Debug|Any CPU
		{D5A28007-9B34-410E-9037-CA5485E77479}.Release|Any CPU.ActiveCfg = Release|Any CPU
		{D5A28007-9B34-410E-9037-CA5485E77479}.Release|Any CPU.Build.0 = Release|Any CPU
		{F7CB54EE-1789-4F04-812A-86804811C938}.Debug|Any CPU.ActiveCfg = Debug|Any CPU
		{F7CB54EE-1789-4F04-812A-86804811C938}.Debug|Any CPU.Build.0 = Debug|Any CPU
		{F7CB54EE-1789-4F04-812A-86804811C938}.Release|Any CPU.ActiveCfg = Release|Any CPU
		{F7CB54EE-1789-4F04-812A-86804811C938}.Release|Any CPU.Build.0 = Release|Any CPU
	EndGlobalSection
	GlobalSection(SolutionProperties) = preSolution
		HideSolutionNode = FALSE
	EndGlobalSection
	GlobalSection(NestedProjects) = preSolution
		{3E7DDA03-9D7B-437A-9E47-B11C5A390385} = {3BA87A8D-C16C-46C7-924E-90EC085EEFF6}
		{B1423CE8-35CB-403D-87B0-967B08F9DD48} = {D6C516D6-B29B-45B8-BDFA-23A267244259}
		{D5A28007-9B34-410E-9037-CA5485E77479} = {D6C516D6-B29B-45B8-BDFA-23A267244259}
		{F7CB54EE-1789-4F04-812A-86804811C938} = {817B00C8-68D0-4014-8D61-C4DFADF38068}
	EndGlobalSection
	GlobalSection(ExtensibilityGlobals) = postSolution
		SolutionGuid = {52DAC57B-24CC-4A65-86AC-7F57217EDEE6}
	EndGlobalSection
EndGlobal
